// !$*UTF8*$!
{
	archiveVersion = 1;
	classes = {
	};
	objectVersion = 48;
	objects = {

/* Begin PBXBuildFile section */
		5A650392204AE6E600662973 /* AppDelegate.swift in Sources */ = {isa = PBXBuildFile; fileRef = 5A650391204AE6E600662973 /* AppDelegate.swift */; };
		5A650397204AE6E600662973 /* Main.storyboard in Resources */ = {isa = PBXBuildFile; fileRef = 5A650395204AE6E600662973 /* Main.storyboard */; };
		5A65039C204AE6E600662973 /* Assets.xcassets in Resources */ = {isa = PBXBuildFile; fileRef = 5A65039B204AE6E600662973 /* Assets.xcassets */; };
		5A65039F204AE6E600662973 /* LaunchScreen.storyboard in Resources */ = {isa = PBXBuildFile; fileRef = 5A65039D204AE6E600662973 /* LaunchScreen.storyboard */; };
		5A6503AA204AE6E600662973 /* challenge_iOSDevTests.swift in Sources */ = {isa = PBXBuildFile; fileRef = 5A6503A9204AE6E600662973 /* challenge_iOSDevTests.swift */; };
		5A6503B5204AE6E600662973 /* challenge_iOSDevUITests.swift in Sources */ = {isa = PBXBuildFile; fileRef = 5A6503B4204AE6E600662973 /* challenge_iOSDevUITests.swift */; };
		5A6503C8204AEB1200662973 /* ViewModelType.swift in Sources */ = {isa = PBXBuildFile; fileRef = 5A6503C7204AEB1200662973 /* ViewModelType.swift */; };
		5A6503CB204AEC4700662973 /* NotesViewController.swift in Sources */ = {isa = PBXBuildFile; fileRef = 5A6503CA204AEC4700662973 /* NotesViewController.swift */; };
		5A6503CD204AEEBA00662973 /* CreateNoteViewController.swift in Sources */ = {isa = PBXBuildFile; fileRef = 5A6503CC204AEEBA00662973 /* CreateNoteViewController.swift */; };
		5A6503CF204AEECA00662973 /* DetailNoteViewController.swift in Sources */ = {isa = PBXBuildFile; fileRef = 5A6503CE204AEECA00662973 /* DetailNoteViewController.swift */; };
		5A6503D1204AF11B00662973 /* NotesViewModel.swift in Sources */ = {isa = PBXBuildFile; fileRef = 5A6503D0204AF11B00662973 /* NotesViewModel.swift */; };
		5A6503D3204AF1A000662973 /* NoteItemViewModel.swift in Sources */ = {isa = PBXBuildFile; fileRef = 5A6503D2204AF19F00662973 /* NoteItemViewModel.swift */; };
		5A6503D9204AF3A700662973 /* NotesNavigator.swift in Sources */ = {isa = PBXBuildFile; fileRef = 5A6503D8204AF3A700662973 /* NotesNavigator.swift */; };
		5A6503DE204AF54E00662973 /* UseCaseProvider.swift in Sources */ = {isa = PBXBuildFile; fileRef = 5A6503DD204AF54E00662973 /* UseCaseProvider.swift */; };
		5A6503E0204AF59700662973 /* Note.swift in Sources */ = {isa = PBXBuildFile; fileRef = 5A6503DF204AF59700662973 /* Note.swift */; };
		5A6503E2204AF5BF00662973 /* NotesUseCase.swift in Sources */ = {isa = PBXBuildFile; fileRef = 5A6503E1204AF5BF00662973 /* NotesUseCase.swift */; };
		5A6503E4204AF66000662973 /* Location.swift in Sources */ = {isa = PBXBuildFile; fileRef = 5A6503E3204AF66000662973 /* Location.swift */; };
		5A6503E9204B123E00662973 /* Observable+Ext.swift in Sources */ = {isa = PBXBuildFile; fileRef = 5A6503E5204B123E00662973 /* Observable+Ext.swift */; };
		5A6503EA204B123E00662973 /* Reusable.swift in Sources */ = {isa = PBXBuildFile; fileRef = 5A6503E6204B123E00662973 /* Reusable.swift */; };
		5A6503EB204B123E00662973 /* ErrorTracker.swift in Sources */ = {isa = PBXBuildFile; fileRef = 5A6503E7204B123E00662973 /* ErrorTracker.swift */; };
		5A6503EC204B123E00662973 /* ActivityIndicator.swift in Sources */ = {isa = PBXBuildFile; fileRef = 5A6503E8204B123E00662973 /* ActivityIndicator.swift */; };
		5A6503F0204B164700662973 /* NoteTableViewCell.swift in Sources */ = {isa = PBXBuildFile; fileRef = 5A6503EE204B164700662973 /* NoteTableViewCell.swift */; };
		5A6503F1204B164700662973 /* NoteTableViewCell.xib in Resources */ = {isa = PBXBuildFile; fileRef = 5A6503EF204B164700662973 /* NoteTableViewCell.xib */; };
		5A6503F3204C608000662973 /* Application.swift in Sources */ = {isa = PBXBuildFile; fileRef = 5A6503F2204C608000662973 /* Application.swift */; };
		5A6503FD204C6D5300662973 /* CoreDataStack.swift in Sources */ = {isa = PBXBuildFile; fileRef = 5A6503FC204C6D5300662973 /* CoreDataStack.swift */; };
		5A650401204C6D6200662973 /* NSManagedObjectContext+Rx.swift in Sources */ = {isa = PBXBuildFile; fileRef = 5A6503FE204C6D6200662973 /* NSManagedObjectContext+Rx.swift */; };
		5A650402204C6D6200662973 /* ContextScheduler.swift in Sources */ = {isa = PBXBuildFile; fileRef = 5A6503FF204C6D6200662973 /* ContextScheduler.swift */; };
		5A650403204C6D6200662973 /* FetchedResultsControllerEntityObserver.swift in Sources */ = {isa = PBXBuildFile; fileRef = 5A650400204C6D6200662973 /* FetchedResultsControllerEntityObserver.swift */; };
		5A650405204C6D6A00662973 /* Repository.swift in Sources */ = {isa = PBXBuildFile; fileRef = 5A650404204C6D6A00662973 /* Repository.swift */; };
		5A650408204C6D7500662973 /* NSManagedObjectContext+Ext.swift in Sources */ = {isa = PBXBuildFile; fileRef = 5A650406204C6D7500662973 /* NSManagedObjectContext+Ext.swift */; };
		5A650409204C6D7500662973 /* Observable+Ext_CoreData.swift in Sources */ = {isa = PBXBuildFile; fileRef = 5A650407204C6D7500662973 /* Observable+Ext_CoreData.swift */; };
		5A650412204C6D8B00662973 /* Persistable.swift in Sources */ = {isa = PBXBuildFile; fileRef = 5A650410204C6D8B00662973 /* Persistable.swift */; };
		5A650413204C6D8B00662973 /* DomainConvertibleType.swift in Sources */ = {isa = PBXBuildFile; fileRef = 5A650411204C6D8B00662973 /* DomainConvertibleType.swift */; };
		5A650417204C73C400662973 /* CDNote+CoreDataClass.swift in Sources */ = {isa = PBXBuildFile; fileRef = 5A650414204C73C400662973 /* CDNote+CoreDataClass.swift */; };
		5A650418204C73C400662973 /* CDNote+CoreDataProperties.swift in Sources */ = {isa = PBXBuildFile; fileRef = 5A650415204C73C400662973 /* CDNote+CoreDataProperties.swift */; };
		5A650419204C73C400662973 /* CDNote+Ext.swift in Sources */ = {isa = PBXBuildFile; fileRef = 5A650416204C73C400662973 /* CDNote+Ext.swift */; };
		5A65041C204CA2E800662973 /* Model.xcdatamodeld in Sources */ = {isa = PBXBuildFile; fileRef = 5A65041A204CA2E800662973 /* Model.xcdatamodeld */; };
		5A65041E204CB45800662973 /* CreateNoteViewModel.swift in Sources */ = {isa = PBXBuildFile; fileRef = 5A65041D204CB45800662973 /* CreateNoteViewModel.swift */; };
		5A650420204CB46D00662973 /* CreateNoteNavigator.swift in Sources */ = {isa = PBXBuildFile; fileRef = 5A65041F204CB46D00662973 /* CreateNoteNavigator.swift */; };
		5A650422204D4DDF00662973 /* AudioRecorder.swift in Sources */ = {isa = PBXBuildFile; fileRef = 5A650421204D4DDF00662973 /* AudioRecorder.swift */; };
		5A650424204D5C0200662973 /* DetailNoteViewModel.swift in Sources */ = {isa = PBXBuildFile; fileRef = 5A650423204D5C0200662973 /* DetailNoteViewModel.swift */; };
		5A650426204D5C2400662973 /* DetailNoteNavigator.swift in Sources */ = {isa = PBXBuildFile; fileRef = 5A650425204D5C2400662973 /* DetailNoteNavigator.swift */; };
		5A650428204D86D600662973 /* SpeechSynthesizer.swift in Sources */ = {isa = PBXBuildFile; fileRef = 5A650427204D86D600662973 /* SpeechSynthesizer.swift */; };
		5A8D917F204D9CD4008CFC60 /* GeolocationService.swift in Sources */ = {isa = PBXBuildFile; fileRef = 5A8D917E204D9CD4008CFC60 /* GeolocationService.swift */; };
		5A8D9182204D9D37008CFC60 /* CLLocationManager+Rx.swift in Sources */ = {isa = PBXBuildFile; fileRef = 5A8D9181204D9D37008CFC60 /* CLLocationManager+Rx.swift */; };
		5A8D9184204D9D8D008CFC60 /* RxCLLocationManagerDelegateProxy.swift in Sources */ = {isa = PBXBuildFile; fileRef = 5A8D9183204D9D8D008CFC60 /* RxCLLocationManagerDelegateProxy.swift */; };
		73F7B879DCE05C8D83862B82 /* Pods_challenge_iOSDevTests.framework in Frameworks */ = {isa = PBXBuildFile; fileRef = 23AABBB04A23EC6860860B38 /* Pods_challenge_iOSDevTests.framework */; };
		7C69DD9A35A963EC571D5CE1 /* Pods_challenge_iOSDev.framework in Frameworks */ = {isa = PBXBuildFile; fileRef = E2F995F5B24A68A2A71F0ACA /* Pods_challenge_iOSDev.framework */; };
/* End PBXBuildFile section */

/* Begin PBXContainerItemProxy section */
		5A6503A6204AE6E600662973 /* PBXContainerItemProxy */ = {
			isa = PBXContainerItemProxy;
			containerPortal = 5A650386204AE6E600662973 /* Project object */;
			proxyType = 1;
			remoteGlobalIDString = 5A65038D204AE6E600662973;
			remoteInfo = "challenge-iOSDev";
		};
		5A6503B1204AE6E600662973 /* PBXContainerItemProxy */ = {
			isa = PBXContainerItemProxy;
			containerPortal = 5A650386204AE6E600662973 /* Project object */;
			proxyType = 1;
			remoteGlobalIDString = 5A65038D204AE6E600662973;
			remoteInfo = "challenge-iOSDev";
		};
/* End PBXContainerItemProxy section */

/* Begin PBXFileReference section */
		23AABBB04A23EC6860860B38 /* Pods_challenge_iOSDevTests.framework */ = {isa = PBXFileReference; explicitFileType = wrapper.framework; includeInIndex = 0; path = Pods_challenge_iOSDevTests.framework; sourceTree = BUILT_PRODUCTS_DIR; };
		5A65038E204AE6E600662973 /* challenge-iOSDev.app */ = {isa = PBXFileReference; explicitFileType = wrapper.application; includeInIndex = 0; path = "challenge-iOSDev.app"; sourceTree = BUILT_PRODUCTS_DIR; };
		5A650391204AE6E600662973 /* AppDelegate.swift */ = {isa = PBXFileReference; lastKnownFileType = sourcecode.swift; path = AppDelegate.swift; sourceTree = "<group>"; };
		5A650396204AE6E600662973 /* Base */ = {isa = PBXFileReference; lastKnownFileType = file.storyboard; name = Base; path = Base.lproj/Main.storyboard; sourceTree = "<group>"; };
		5A65039B204AE6E600662973 /* Assets.xcassets */ = {isa = PBXFileReference; lastKnownFileType = folder.assetcatalog; path = Assets.xcassets; sourceTree = "<group>"; };
		5A65039E204AE6E600662973 /* Base */ = {isa = PBXFileReference; lastKnownFileType = file.storyboard; name = Base; path = Base.lproj/LaunchScreen.storyboard; sourceTree = "<group>"; };
		5A6503A0204AE6E600662973 /* Info.plist */ = {isa = PBXFileReference; lastKnownFileType = text.plist.xml; path = Info.plist; sourceTree = "<group>"; };
		5A6503A5204AE6E600662973 /* challenge-iOSDevTests.xctest */ = {isa = PBXFileReference; explicitFileType = wrapper.cfbundle; includeInIndex = 0; path = "challenge-iOSDevTests.xctest"; sourceTree = BUILT_PRODUCTS_DIR; };
		5A6503A9204AE6E600662973 /* challenge_iOSDevTests.swift */ = {isa = PBXFileReference; lastKnownFileType = sourcecode.swift; path = challenge_iOSDevTests.swift; sourceTree = "<group>"; };
		5A6503AB204AE6E600662973 /* Info.plist */ = {isa = PBXFileReference; lastKnownFileType = text.plist.xml; path = Info.plist; sourceTree = "<group>"; };
		5A6503B0204AE6E600662973 /* challenge-iOSDevUITests.xctest */ = {isa = PBXFileReference; explicitFileType = wrapper.cfbundle; includeInIndex = 0; path = "challenge-iOSDevUITests.xctest"; sourceTree = BUILT_PRODUCTS_DIR; };
		5A6503B4204AE6E600662973 /* challenge_iOSDevUITests.swift */ = {isa = PBXFileReference; lastKnownFileType = sourcecode.swift; path = challenge_iOSDevUITests.swift; sourceTree = "<group>"; };
		5A6503B6204AE6E600662973 /* Info.plist */ = {isa = PBXFileReference; lastKnownFileType = text.plist.xml; path = Info.plist; sourceTree = "<group>"; };
		5A6503C7204AEB1200662973 /* ViewModelType.swift */ = {isa = PBXFileReference; lastKnownFileType = sourcecode.swift; path = ViewModelType.swift; sourceTree = "<group>"; };
		5A6503CA204AEC4700662973 /* NotesViewController.swift */ = {isa = PBXFileReference; lastKnownFileType = sourcecode.swift; path = NotesViewController.swift; sourceTree = "<group>"; };
		5A6503CC204AEEBA00662973 /* CreateNoteViewController.swift */ = {isa = PBXFileReference; lastKnownFileType = sourcecode.swift; path = CreateNoteViewController.swift; sourceTree = "<group>"; };
		5A6503CE204AEECA00662973 /* DetailNoteViewController.swift */ = {isa = PBXFileReference; lastKnownFileType = sourcecode.swift; path = DetailNoteViewController.swift; sourceTree = "<group>"; };
		5A6503D0204AF11B00662973 /* NotesViewModel.swift */ = {isa = PBXFileReference; lastKnownFileType = sourcecode.swift; path = NotesViewModel.swift; sourceTree = "<group>"; };
		5A6503D2204AF19F00662973 /* NoteItemViewModel.swift */ = {isa = PBXFileReference; lastKnownFileType = sourcecode.swift; path = NoteItemViewModel.swift; sourceTree = "<group>"; };
		5A6503D8204AF3A700662973 /* NotesNavigator.swift */ = {isa = PBXFileReference; lastKnownFileType = sourcecode.swift; path = NotesNavigator.swift; sourceTree = "<group>"; };
		5A6503DD204AF54E00662973 /* UseCaseProvider.swift */ = {isa = PBXFileReference; lastKnownFileType = sourcecode.swift; path = UseCaseProvider.swift; sourceTree = "<group>"; };
		5A6503DF204AF59700662973 /* Note.swift */ = {isa = PBXFileReference; fileEncoding = 4; lastKnownFileType = sourcecode.swift; path = Note.swift; sourceTree = "<group>"; };
		5A6503E1204AF5BF00662973 /* NotesUseCase.swift */ = {isa = PBXFileReference; lastKnownFileType = sourcecode.swift; path = NotesUseCase.swift; sourceTree = "<group>"; };
		5A6503E3204AF66000662973 /* Location.swift */ = {isa = PBXFileReference; lastKnownFileType = sourcecode.swift; path = Location.swift; sourceTree = "<group>"; };
		5A6503E5204B123E00662973 /* Observable+Ext.swift */ = {isa = PBXFileReference; fileEncoding = 4; lastKnownFileType = sourcecode.swift; path = "Observable+Ext.swift"; sourceTree = "<group>"; };
		5A6503E6204B123E00662973 /* Reusable.swift */ = {isa = PBXFileReference; fileEncoding = 4; lastKnownFileType = sourcecode.swift; path = Reusable.swift; sourceTree = "<group>"; };
		5A6503E7204B123E00662973 /* ErrorTracker.swift */ = {isa = PBXFileReference; fileEncoding = 4; lastKnownFileType = sourcecode.swift; path = ErrorTracker.swift; sourceTree = "<group>"; };
		5A6503E8204B123E00662973 /* ActivityIndicator.swift */ = {isa = PBXFileReference; fileEncoding = 4; lastKnownFileType = sourcecode.swift; path = ActivityIndicator.swift; sourceTree = "<group>"; };
		5A6503EE204B164700662973 /* NoteTableViewCell.swift */ = {isa = PBXFileReference; lastKnownFileType = sourcecode.swift; path = NoteTableViewCell.swift; sourceTree = "<group>"; };
		5A6503EF204B164700662973 /* NoteTableViewCell.xib */ = {isa = PBXFileReference; lastKnownFileType = file.xib; path = NoteTableViewCell.xib; sourceTree = "<group>"; };
		5A6503F2204C608000662973 /* Application.swift */ = {isa = PBXFileReference; lastKnownFileType = sourcecode.swift; path = Application.swift; sourceTree = "<group>"; };
		5A6503FC204C6D5300662973 /* CoreDataStack.swift */ = {isa = PBXFileReference; fileEncoding = 4; lastKnownFileType = sourcecode.swift; path = CoreDataStack.swift; sourceTree = "<group>"; };
		5A6503FE204C6D6200662973 /* NSManagedObjectContext+Rx.swift */ = {isa = PBXFileReference; fileEncoding = 4; lastKnownFileType = sourcecode.swift; path = "NSManagedObjectContext+Rx.swift"; sourceTree = "<group>"; };
		5A6503FF204C6D6200662973 /* ContextScheduler.swift */ = {isa = PBXFileReference; fileEncoding = 4; lastKnownFileType = sourcecode.swift; path = ContextScheduler.swift; sourceTree = "<group>"; };
		5A650400204C6D6200662973 /* FetchedResultsControllerEntityObserver.swift */ = {isa = PBXFileReference; fileEncoding = 4; lastKnownFileType = sourcecode.swift; path = FetchedResultsControllerEntityObserver.swift; sourceTree = "<group>"; };
		5A650404204C6D6A00662973 /* Repository.swift */ = {isa = PBXFileReference; fileEncoding = 4; lastKnownFileType = sourcecode.swift; path = Repository.swift; sourceTree = "<group>"; };
		5A650406204C6D7500662973 /* NSManagedObjectContext+Ext.swift */ = {isa = PBXFileReference; fileEncoding = 4; lastKnownFileType = sourcecode.swift; path = "NSManagedObjectContext+Ext.swift"; sourceTree = "<group>"; };
		5A650407204C6D7500662973 /* Observable+Ext_CoreData.swift */ = {isa = PBXFileReference; fileEncoding = 4; lastKnownFileType = sourcecode.swift; path = "Observable+Ext_CoreData.swift"; sourceTree = "<group>"; };
		5A650410204C6D8B00662973 /* Persistable.swift */ = {isa = PBXFileReference; fileEncoding = 4; lastKnownFileType = sourcecode.swift; path = Persistable.swift; sourceTree = "<group>"; };
		5A650411204C6D8B00662973 /* DomainConvertibleType.swift */ = {isa = PBXFileReference; fileEncoding = 4; lastKnownFileType = sourcecode.swift; path = DomainConvertibleType.swift; sourceTree = "<group>"; };
		5A650414204C73C400662973 /* CDNote+CoreDataClass.swift */ = {isa = PBXFileReference; fileEncoding = 4; lastKnownFileType = sourcecode.swift; path = "CDNote+CoreDataClass.swift"; sourceTree = "<group>"; };
		5A650415204C73C400662973 /* CDNote+CoreDataProperties.swift */ = {isa = PBXFileReference; fileEncoding = 4; lastKnownFileType = sourcecode.swift; path = "CDNote+CoreDataProperties.swift"; sourceTree = "<group>"; };
		5A650416204C73C400662973 /* CDNote+Ext.swift */ = {isa = PBXFileReference; fileEncoding = 4; lastKnownFileType = sourcecode.swift; path = "CDNote+Ext.swift"; sourceTree = "<group>"; };
		5A65041B204CA2E800662973 /* Model.xcdatamodel */ = {isa = PBXFileReference; lastKnownFileType = wrapper.xcdatamodel; path = Model.xcdatamodel; sourceTree = "<group>"; };
		5A65041D204CB45800662973 /* CreateNoteViewModel.swift */ = {isa = PBXFileReference; lastKnownFileType = sourcecode.swift; path = CreateNoteViewModel.swift; sourceTree = "<group>"; };
		5A65041F204CB46D00662973 /* CreateNoteNavigator.swift */ = {isa = PBXFileReference; lastKnownFileType = sourcecode.swift; path = CreateNoteNavigator.swift; sourceTree = "<group>"; };
		5A650421204D4DDF00662973 /* AudioRecorder.swift */ = {isa = PBXFileReference; lastKnownFileType = sourcecode.swift; path = AudioRecorder.swift; sourceTree = "<group>"; };
		5A650423204D5C0200662973 /* DetailNoteViewModel.swift */ = {isa = PBXFileReference; lastKnownFileType = sourcecode.swift; path = DetailNoteViewModel.swift; sourceTree = "<group>"; };
		5A650425204D5C2400662973 /* DetailNoteNavigator.swift */ = {isa = PBXFileReference; lastKnownFileType = sourcecode.swift; path = DetailNoteNavigator.swift; sourceTree = "<group>"; };
		5A650427204D86D600662973 /* SpeechSynthesizer.swift */ = {isa = PBXFileReference; lastKnownFileType = sourcecode.swift; path = SpeechSynthesizer.swift; sourceTree = "<group>"; };
		5A8D917E204D9CD4008CFC60 /* GeolocationService.swift */ = {isa = PBXFileReference; lastKnownFileType = sourcecode.swift; path = GeolocationService.swift; sourceTree = "<group>"; };
		5A8D9181204D9D37008CFC60 /* CLLocationManager+Rx.swift */ = {isa = PBXFileReference; lastKnownFileType = sourcecode.swift; path = "CLLocationManager+Rx.swift"; sourceTree = "<group>"; };
		5A8D9183204D9D8D008CFC60 /* RxCLLocationManagerDelegateProxy.swift */ = {isa = PBXFileReference; lastKnownFileType = sourcecode.swift; path = RxCLLocationManagerDelegateProxy.swift; sourceTree = "<group>"; };
		A2C9C4E0E91E6148B8544C2F /* Pods-challenge-iOSDev.release.xcconfig */ = {isa = PBXFileReference; includeInIndex = 1; lastKnownFileType = text.xcconfig; name = "Pods-challenge-iOSDev.release.xcconfig"; path = "Pods/Target Support Files/Pods-challenge-iOSDev/Pods-challenge-iOSDev.release.xcconfig"; sourceTree = "<group>"; };
		BF07F357780E6F416D4FD8B5 /* Pods-challenge-iOSDevTests.release.xcconfig */ = {isa = PBXFileReference; includeInIndex = 1; lastKnownFileType = text.xcconfig; name = "Pods-challenge-iOSDevTests.release.xcconfig"; path = "Pods/Target Support Files/Pods-challenge-iOSDevTests/Pods-challenge-iOSDevTests.release.xcconfig"; sourceTree = "<group>"; };
		D3C90616E93EC7398D49E178 /* Pods-challenge-iOSDevTests.debug.xcconfig */ = {isa = PBXFileReference; includeInIndex = 1; lastKnownFileType = text.xcconfig; name = "Pods-challenge-iOSDevTests.debug.xcconfig"; path = "Pods/Target Support Files/Pods-challenge-iOSDevTests/Pods-challenge-iOSDevTests.debug.xcconfig"; sourceTree = "<group>"; };
		D605E722D0305EE91A7C2F76 /* Pods-challenge-iOSDev.debug.xcconfig */ = {isa = PBXFileReference; includeInIndex = 1; lastKnownFileType = text.xcconfig; name = "Pods-challenge-iOSDev.debug.xcconfig"; path = "Pods/Target Support Files/Pods-challenge-iOSDev/Pods-challenge-iOSDev.debug.xcconfig"; sourceTree = "<group>"; };
		E2F995F5B24A68A2A71F0ACA /* Pods_challenge_iOSDev.framework */ = {isa = PBXFileReference; explicitFileType = wrapper.framework; includeInIndex = 0; path = Pods_challenge_iOSDev.framework; sourceTree = BUILT_PRODUCTS_DIR; };
/* End PBXFileReference section */

/* Begin PBXFrameworksBuildPhase section */
		5A65038B204AE6E600662973 /* Frameworks */ = {
			isa = PBXFrameworksBuildPhase;
			buildActionMask = 2147483647;
			files = (
				7C69DD9A35A963EC571D5CE1 /* Pods_challenge_iOSDev.framework in Frameworks */,
			);
			runOnlyForDeploymentPostprocessing = 0;
		};
		5A6503A2204AE6E600662973 /* Frameworks */ = {
			isa = PBXFrameworksBuildPhase;
			buildActionMask = 2147483647;
			files = (
				73F7B879DCE05C8D83862B82 /* Pods_challenge_iOSDevTests.framework in Frameworks */,
			);
			runOnlyForDeploymentPostprocessing = 0;
		};
		5A6503AD204AE6E600662973 /* Frameworks */ = {
			isa = PBXFrameworksBuildPhase;
			buildActionMask = 2147483647;
			files = (
			);
			runOnlyForDeploymentPostprocessing = 0;
		};
/* End PBXFrameworksBuildPhase section */

/* Begin PBXGroup section */
		2720A8ECB4EB0EEE9F2D1D09 /* Frameworks */ = {
			isa = PBXGroup;
			children = (
				E2F995F5B24A68A2A71F0ACA /* Pods_challenge_iOSDev.framework */,
				23AABBB04A23EC6860860B38 /* Pods_challenge_iOSDevTests.framework */,
			);
			name = Frameworks;
			sourceTree = "<group>";
		};
		5A650385204AE6E600662973 = {
			isa = PBXGroup;
			children = (
				5A650390204AE6E600662973 /* challenge-iOSDev */,
				5A6503A8204AE6E600662973 /* challenge-iOSDevTests */,
				5A6503B3204AE6E600662973 /* challenge-iOSDevUITests */,
				5A65038F204AE6E600662973 /* Products */,
				C83ACE2256C5C04E06D77338 /* Pods */,
				2720A8ECB4EB0EEE9F2D1D09 /* Frameworks */,
			);
			sourceTree = "<group>";
		};
		5A65038F204AE6E600662973 /* Products */ = {
			isa = PBXGroup;
			children = (
				5A65038E204AE6E600662973 /* challenge-iOSDev.app */,
				5A6503A5204AE6E600662973 /* challenge-iOSDevTests.xctest */,
				5A6503B0204AE6E600662973 /* challenge-iOSDevUITests.xctest */,
			);
			name = Products;
			sourceTree = "<group>";
		};
		5A650390204AE6E600662973 /* challenge-iOSDev */ = {
			isa = PBXGroup;
			children = (
				5A6503F6204C6C2A00662973 /* CoreDataPlatform */,
				5A6503DA204AF50C00662973 /* Domain */,
				5A6503C9204AEB6200662973 /* Utils */,
				5A6503C3204AEA4800662973 /* Scenes */,
				5A6503C2204AEA2100662973 /* Common */,
				5A650391204AE6E600662973 /* AppDelegate.swift */,
				5A6503F2204C608000662973 /* Application.swift */,
				5A650395204AE6E600662973 /* Main.storyboard */,
				5A65039B204AE6E600662973 /* Assets.xcassets */,
				5A65039D204AE6E600662973 /* LaunchScreen.storyboard */,
				5A6503A0204AE6E600662973 /* Info.plist */,
			);
			path = "challenge-iOSDev";
			sourceTree = "<group>";
		};
		5A6503A8204AE6E600662973 /* challenge-iOSDevTests */ = {
			isa = PBXGroup;
			children = (
				5A6503A9204AE6E600662973 /* challenge_iOSDevTests.swift */,
				5A6503AB204AE6E600662973 /* Info.plist */,
			);
			path = "challenge-iOSDevTests";
			sourceTree = "<group>";
		};
		5A6503B3204AE6E600662973 /* challenge-iOSDevUITests */ = {
			isa = PBXGroup;
			children = (
				5A6503B4204AE6E600662973 /* challenge_iOSDevUITests.swift */,
				5A6503B6204AE6E600662973 /* Info.plist */,
			);
			path = "challenge-iOSDevUITests";
			sourceTree = "<group>";
		};
		5A6503C2204AEA2100662973 /* Common */ = {
			isa = PBXGroup;
			children = (
				5A6503C7204AEB1200662973 /* ViewModelType.swift */,
			);
			path = Common;
			sourceTree = "<group>";
		};
		5A6503C3204AEA4800662973 /* Scenes */ = {
			isa = PBXGroup;
			children = (
				5A6503C6204AEAD000662973 /* AllNotes */,
				5A6503C5204AEAC600662973 /* DetailNote */,
				5A6503C4204AEA6B00662973 /* CreateNote */,
			);
			path = Scenes;
			sourceTree = "<group>";
		};
		5A6503C4204AEA6B00662973 /* CreateNote */ = {
			isa = PBXGroup;
			children = (
				5A6503CC204AEEBA00662973 /* CreateNoteViewController.swift */,
				5A65041D204CB45800662973 /* CreateNoteViewModel.swift */,
				5A65041F204CB46D00662973 /* CreateNoteNavigator.swift */,
				5A650421204D4DDF00662973 /* AudioRecorder.swift */,
			);
			path = CreateNote;
			sourceTree = "<group>";
		};
		5A6503C5204AEAC600662973 /* DetailNote */ = {
			isa = PBXGroup;
			children = (
				5A6503CE204AEECA00662973 /* DetailNoteViewController.swift */,
				5A650423204D5C0200662973 /* DetailNoteViewModel.swift */,
				5A650425204D5C2400662973 /* DetailNoteNavigator.swift */,
				5A650427204D86D600662973 /* SpeechSynthesizer.swift */,
			);
			path = DetailNote;
			sourceTree = "<group>";
		};
		5A6503C6204AEAD000662973 /* AllNotes */ = {
			isa = PBXGroup;
			children = (
				5A6503ED204B162200662973 /* NoteTableViewCell */,
				5A6503CA204AEC4700662973 /* NotesViewController.swift */,
				5A6503D0204AF11B00662973 /* NotesViewModel.swift */,
				5A6503D2204AF19F00662973 /* NoteItemViewModel.swift */,
				5A6503D8204AF3A700662973 /* NotesNavigator.swift */,
			);
			path = AllNotes;
			sourceTree = "<group>";
		};
		5A6503C9204AEB6200662973 /* Utils */ = {
			isa = PBXGroup;
			children = (
				5A8D9180204D9D1C008CFC60 /* Location */,
				5A6503E8204B123E00662973 /* ActivityIndicator.swift */,
				5A6503E7204B123E00662973 /* ErrorTracker.swift */,
				5A6503E5204B123E00662973 /* Observable+Ext.swift */,
				5A6503E6204B123E00662973 /* Reusable.swift */,
			);
			path = Utils;
			sourceTree = "<group>";
		};
		5A6503DA204AF50C00662973 /* Domain */ = {
			isa = PBXGroup;
			children = (
				5A6503DC204AF52600662973 /* UseCases */,
				5A6503DB204AF51300662973 /* Models */,
			);
			path = Domain;
			sourceTree = "<group>";
		};
		5A6503DB204AF51300662973 /* Models */ = {
			isa = PBXGroup;
			children = (
				5A6503DF204AF59700662973 /* Note.swift */,
				5A6503E3204AF66000662973 /* Location.swift */,
			);
			path = Models;
			sourceTree = "<group>";
		};
		5A6503DC204AF52600662973 /* UseCases */ = {
			isa = PBXGroup;
			children = (
				5A6503DD204AF54E00662973 /* UseCaseProvider.swift */,
				5A6503E1204AF5BF00662973 /* NotesUseCase.swift */,
			);
			path = UseCases;
			sourceTree = "<group>";
		};
		5A6503ED204B162200662973 /* NoteTableViewCell */ = {
			isa = PBXGroup;
			children = (
				5A6503EE204B164700662973 /* NoteTableViewCell.swift */,
				5A6503EF204B164700662973 /* NoteTableViewCell.xib */,
			);
			path = NoteTableViewCell;
			sourceTree = "<group>";
		};
		5A6503F6204C6C2A00662973 /* CoreDataPlatform */ = {
			isa = PBXGroup;
			children = (
				5A65041A204CA2E800662973 /* Model.xcdatamodeld */,
				5A6503FC204C6D5300662973 /* CoreDataStack.swift */,
				5A6503FB204C6CA400662973 /* RxCoreData */,
				5A6503FA204C6C9C00662973 /* Repository */,
				5A6503F9204C6C7B00662973 /* Extensions */,
				5A6503F7204C6C3400662973 /* Entities */,
			);
			path = CoreDataPlatform;
			sourceTree = "<group>";
		};
		5A6503F7204C6C3400662973 /* Entities */ = {
			isa = PBXGroup;
			children = (
				5A650414204C73C400662973 /* CDNote+CoreDataClass.swift */,
				5A650415204C73C400662973 /* CDNote+CoreDataProperties.swift */,
				5A650416204C73C400662973 /* CDNote+Ext.swift */,
				5A6503F8204C6C5600662973 /* Conversion */,
			);
			path = Entities;
			sourceTree = "<group>";
		};
		5A6503F8204C6C5600662973 /* Conversion */ = {
			isa = PBXGroup;
			children = (
				5A650411204C6D8B00662973 /* DomainConvertibleType.swift */,
				5A650410204C6D8B00662973 /* Persistable.swift */,
			);
			path = Conversion;
			sourceTree = "<group>";
		};
		5A6503F9204C6C7B00662973 /* Extensions */ = {
			isa = PBXGroup;
			children = (
				5A650406204C6D7500662973 /* NSManagedObjectContext+Ext.swift */,
				5A650407204C6D7500662973 /* Observable+Ext_CoreData.swift */,
			);
			path = Extensions;
			sourceTree = "<group>";
		};
		5A6503FA204C6C9C00662973 /* Repository */ = {
			isa = PBXGroup;
			children = (
				5A650404204C6D6A00662973 /* Repository.swift */,
			);
			path = Repository;
			sourceTree = "<group>";
		};
		5A6503FB204C6CA400662973 /* RxCoreData */ = {
			isa = PBXGroup;
			children = (
				5A6503FF204C6D6200662973 /* ContextScheduler.swift */,
				5A650400204C6D6200662973 /* FetchedResultsControllerEntityObserver.swift */,
				5A6503FE204C6D6200662973 /* NSManagedObjectContext+Rx.swift */,
			);
			path = RxCoreData;
			sourceTree = "<group>";
		};
		5A8D9180204D9D1C008CFC60 /* Location */ = {
			isa = PBXGroup;
			children = (
				5A8D917E204D9CD4008CFC60 /* GeolocationService.swift */,
				5A8D9181204D9D37008CFC60 /* CLLocationManager+Rx.swift */,
				5A8D9183204D9D8D008CFC60 /* RxCLLocationManagerDelegateProxy.swift */,
			);
			path = Location;
			sourceTree = "<group>";
		};
		C83ACE2256C5C04E06D77338 /* Pods */ = {
			isa = PBXGroup;
			children = (
				D605E722D0305EE91A7C2F76 /* Pods-challenge-iOSDev.debug.xcconfig */,
				A2C9C4E0E91E6148B8544C2F /* Pods-challenge-iOSDev.release.xcconfig */,
				D3C90616E93EC7398D49E178 /* Pods-challenge-iOSDevTests.debug.xcconfig */,
				BF07F357780E6F416D4FD8B5 /* Pods-challenge-iOSDevTests.release.xcconfig */,
			);
			name = Pods;
			sourceTree = "<group>";
		};
/* End PBXGroup section */

/* Begin PBXNativeTarget section */
		5A65038D204AE6E600662973 /* challenge-iOSDev */ = {
			isa = PBXNativeTarget;
			buildConfigurationList = 5A6503B9204AE6E600662973 /* Build configuration list for PBXNativeTarget "challenge-iOSDev" */;
			buildPhases = (
				A29F714DD64F687DA6CA8021 /* [CP] Check Pods Manifest.lock */,
				5A65038A204AE6E600662973 /* Sources */,
				5A65038B204AE6E600662973 /* Frameworks */,
				5A65038C204AE6E600662973 /* Resources */,
				4D9CB85A22C8E131C776AABA /* [CP] Embed Pods Frameworks */,
				3E5997CEE3F0BE384516BB71 /* [CP] Copy Pods Resources */,
			);
			buildRules = (
			);
			dependencies = (
			);
			name = "challenge-iOSDev";
			productName = "challenge-iOSDev";
			productReference = 5A65038E204AE6E600662973 /* challenge-iOSDev.app */;
			productType = "com.apple.product-type.application";
		};
		5A6503A4204AE6E600662973 /* challenge-iOSDevTests */ = {
			isa = PBXNativeTarget;
			buildConfigurationList = 5A6503BC204AE6E600662973 /* Build configuration list for PBXNativeTarget "challenge-iOSDevTests" */;
			buildPhases = (
				59C166976FA987C63068555F /* [CP] Check Pods Manifest.lock */,
				5A6503A1204AE6E600662973 /* Sources */,
				5A6503A2204AE6E600662973 /* Frameworks */,
				5A6503A3204AE6E600662973 /* Resources */,
				F3201204A843720C0E2F0FF5 /* [CP] Embed Pods Frameworks */,
				BA3F150E30BB9508E570E985 /* [CP] Copy Pods Resources */,
			);
			buildRules = (
			);
			dependencies = (
				5A6503A7204AE6E600662973 /* PBXTargetDependency */,
			);
			name = "challenge-iOSDevTests";
			productName = "challenge-iOSDevTests";
			productReference = 5A6503A5204AE6E600662973 /* challenge-iOSDevTests.xctest */;
			productType = "com.apple.product-type.bundle.unit-test";
		};
		5A6503AF204AE6E600662973 /* challenge-iOSDevUITests */ = {
			isa = PBXNativeTarget;
			buildConfigurationList = 5A6503BF204AE6E600662973 /* Build configuration list for PBXNativeTarget "challenge-iOSDevUITests" */;
			buildPhases = (
				5A6503AC204AE6E600662973 /* Sources */,
				5A6503AD204AE6E600662973 /* Frameworks */,
				5A6503AE204AE6E600662973 /* Resources */,
			);
			buildRules = (
			);
			dependencies = (
				5A6503B2204AE6E600662973 /* PBXTargetDependency */,
			);
			name = "challenge-iOSDevUITests";
			productName = "challenge-iOSDevUITests";
			productReference = 5A6503B0204AE6E600662973 /* challenge-iOSDevUITests.xctest */;
			productType = "com.apple.product-type.bundle.ui-testing";
		};
/* End PBXNativeTarget section */

/* Begin PBXProject section */
		5A650386204AE6E600662973 /* Project object */ = {
			isa = PBXProject;
			attributes = {
				LastSwiftUpdateCheck = 0920;
				LastUpgradeCheck = 0920;
				ORGANIZATIONNAME = "Norberto Vasconcelos";
				TargetAttributes = {
					5A65038D204AE6E600662973 = {
						CreatedOnToolsVersion = 9.2;
						ProvisioningStyle = Automatic;
					};
					5A6503A4204AE6E600662973 = {
						CreatedOnToolsVersion = 9.2;
						ProvisioningStyle = Automatic;
						TestTargetID = 5A65038D204AE6E600662973;
					};
					5A6503AF204AE6E600662973 = {
						CreatedOnToolsVersion = 9.2;
						ProvisioningStyle = Automatic;
						TestTargetID = 5A65038D204AE6E600662973;
					};
				};
			};
			buildConfigurationList = 5A650389204AE6E600662973 /* Build configuration list for PBXProject "challenge-iOSDev" */;
			compatibilityVersion = "Xcode 8.0";
			developmentRegion = en;
			hasScannedForEncodings = 0;
			knownRegions = (
				en,
				Base,
			);
			mainGroup = 5A650385204AE6E600662973;
			productRefGroup = 5A65038F204AE6E600662973 /* Products */;
			projectDirPath = "";
			projectRoot = "";
			targets = (
				5A65038D204AE6E600662973 /* challenge-iOSDev */,
				5A6503A4204AE6E600662973 /* challenge-iOSDevTests */,
				5A6503AF204AE6E600662973 /* challenge-iOSDevUITests */,
			);
		};
/* End PBXProject section */

/* Begin PBXResourcesBuildPhase section */
		5A65038C204AE6E600662973 /* Resources */ = {
			isa = PBXResourcesBuildPhase;
			buildActionMask = 2147483647;
			files = (
				5A65039F204AE6E600662973 /* LaunchScreen.storyboard in Resources */,
				5A65039C204AE6E600662973 /* Assets.xcassets in Resources */,
				5A650397204AE6E600662973 /* Main.storyboard in Resources */,
				5A6503F1204B164700662973 /* NoteTableViewCell.xib in Resources */,
			);
			runOnlyForDeploymentPostprocessing = 0;
		};
		5A6503A3204AE6E600662973 /* Resources */ = {
			isa = PBXResourcesBuildPhase;
			buildActionMask = 2147483647;
			files = (
			);
			runOnlyForDeploymentPostprocessing = 0;
		};
		5A6503AE204AE6E600662973 /* Resources */ = {
			isa = PBXResourcesBuildPhase;
			buildActionMask = 2147483647;
			files = (
			);
			runOnlyForDeploymentPostprocessing = 0;
		};
/* End PBXResourcesBuildPhase section */

/* Begin PBXShellScriptBuildPhase section */
		3E5997CEE3F0BE384516BB71 /* [CP] Copy Pods Resources */ = {
			isa = PBXShellScriptBuildPhase;
			buildActionMask = 2147483647;
			files = (
			);
			inputPaths = (
			);
			name = "[CP] Copy Pods Resources";
			outputPaths = (
			);
			runOnlyForDeploymentPostprocessing = 0;
			shellPath = /bin/sh;
			shellScript = "\"${SRCROOT}/Pods/Target Support Files/Pods-challenge-iOSDev/Pods-challenge-iOSDev-resources.sh\"\n";
			showEnvVarsInLog = 0;
		};
		4D9CB85A22C8E131C776AABA /* [CP] Embed Pods Frameworks */ = {
			isa = PBXShellScriptBuildPhase;
			buildActionMask = 2147483647;
			files = (
			);
			inputPaths = (
			);
			name = "[CP] Embed Pods Frameworks";
			outputPaths = (
			);
			runOnlyForDeploymentPostprocessing = 0;
			shellPath = /bin/sh;
			shellScript = "\"${SRCROOT}/Pods/Target Support Files/Pods-challenge-iOSDev/Pods-challenge-iOSDev-frameworks.sh\"\n";
			showEnvVarsInLog = 0;
		};
		59C166976FA987C63068555F /* [CP] Check Pods Manifest.lock */ = {
			isa = PBXShellScriptBuildPhase;
			buildActionMask = 2147483647;
			files = (
			);
			inputPaths = (
			);
			name = "[CP] Check Pods Manifest.lock";
			outputPaths = (
			);
			runOnlyForDeploymentPostprocessing = 0;
			shellPath = /bin/sh;
			shellScript = "diff \"${PODS_PODFILE_DIR_PATH}/Podfile.lock\" \"${PODS_ROOT}/Manifest.lock\" > /dev/null\nif [ $? != 0 ] ; then\n    # print error to STDERR\n    echo \"error: The sandbox is not in sync with the Podfile.lock. Run 'pod install' or update your CocoaPods installation.\" >&2\n    exit 1\nfi\n";
			showEnvVarsInLog = 0;
		};
		A29F714DD64F687DA6CA8021 /* [CP] Check Pods Manifest.lock */ = {
			isa = PBXShellScriptBuildPhase;
			buildActionMask = 2147483647;
			files = (
			);
			inputPaths = (
			);
			name = "[CP] Check Pods Manifest.lock";
			outputPaths = (
			);
			runOnlyForDeploymentPostprocessing = 0;
			shellPath = /bin/sh;
			shellScript = "diff \"${PODS_PODFILE_DIR_PATH}/Podfile.lock\" \"${PODS_ROOT}/Manifest.lock\" > /dev/null\nif [ $? != 0 ] ; then\n    # print error to STDERR\n    echo \"error: The sandbox is not in sync with the Podfile.lock. Run 'pod install' or update your CocoaPods installation.\" >&2\n    exit 1\nfi\n";
			showEnvVarsInLog = 0;
		};
		BA3F150E30BB9508E570E985 /* [CP] Copy Pods Resources */ = {
			isa = PBXShellScriptBuildPhase;
			buildActionMask = 2147483647;
			files = (
			);
			inputPaths = (
			);
			name = "[CP] Copy Pods Resources";
			outputPaths = (
			);
			runOnlyForDeploymentPostprocessing = 0;
			shellPath = /bin/sh;
			shellScript = "\"${SRCROOT}/Pods/Target Support Files/Pods-challenge-iOSDevTests/Pods-challenge-iOSDevTests-resources.sh\"\n";
			showEnvVarsInLog = 0;
		};
		F3201204A843720C0E2F0FF5 /* [CP] Embed Pods Frameworks */ = {
			isa = PBXShellScriptBuildPhase;
			buildActionMask = 2147483647;
			files = (
			);
			inputPaths = (
			);
			name = "[CP] Embed Pods Frameworks";
			outputPaths = (
			);
			runOnlyForDeploymentPostprocessing = 0;
			shellPath = /bin/sh;
			shellScript = "\"${SRCROOT}/Pods/Target Support Files/Pods-challenge-iOSDevTests/Pods-challenge-iOSDevTests-frameworks.sh\"\n";
			showEnvVarsInLog = 0;
		};
/* End PBXShellScriptBuildPhase section */

/* Begin PBXSourcesBuildPhase section */
		5A65038A204AE6E600662973 /* Sources */ = {
			isa = PBXSourcesBuildPhase;
			buildActionMask = 2147483647;
			files = (
				5A6503C8204AEB1200662973 /* ViewModelType.swift in Sources */,
				5A8D917F204D9CD4008CFC60 /* GeolocationService.swift in Sources */,
				5A650426204D5C2400662973 /* DetailNoteNavigator.swift in Sources */,
				5A8D9184204D9D8D008CFC60 /* RxCLLocationManagerDelegateProxy.swift in Sources */,
				5A650412204C6D8B00662973 /* Persistable.swift in Sources */,
				5A650418204C73C400662973 /* CDNote+CoreDataProperties.swift in Sources */,
				5A650424204D5C0200662973 /* DetailNoteViewModel.swift in Sources */,
				5A6503D1204AF11B00662973 /* NotesViewModel.swift in Sources */,
				5A650408204C6D7500662973 /* NSManagedObjectContext+Ext.swift in Sources */,
				5A6503CB204AEC4700662973 /* NotesViewController.swift in Sources */,
				5A8D9182204D9D37008CFC60 /* CLLocationManager+Rx.swift in Sources */,
				5A6503F3204C608000662973 /* Application.swift in Sources */,
				5A6503EB204B123E00662973 /* ErrorTracker.swift in Sources */,
				5A6503DE204AF54E00662973 /* UseCaseProvider.swift in Sources */,
				5A6503F0204B164700662973 /* NoteTableViewCell.swift in Sources */,
				5A6503D9204AF3A700662973 /* NotesNavigator.swift in Sources */,
				5A650419204C73C400662973 /* CDNote+Ext.swift in Sources */,
				5A650409204C6D7500662973 /* Observable+Ext_CoreData.swift in Sources */,
				5A6503FD204C6D5300662973 /* CoreDataStack.swift in Sources */,
				5A650405204C6D6A00662973 /* Repository.swift in Sources */,
				5A650401204C6D6200662973 /* NSManagedObjectContext+Rx.swift in Sources */,
				5A6503D3204AF1A000662973 /* NoteItemViewModel.swift in Sources */,
				5A650403204C6D6200662973 /* FetchedResultsControllerEntityObserver.swift in Sources */,
				5A650422204D4DDF00662973 /* AudioRecorder.swift in Sources */,
				5A65041E204CB45800662973 /* CreateNoteViewModel.swift in Sources */,
				5A6503E4204AF66000662973 /* Location.swift in Sources */,
				5A650392204AE6E600662973 /* AppDelegate.swift in Sources */,
				5A6503E0204AF59700662973 /* Note.swift in Sources */,
				5A650402204C6D6200662973 /* ContextScheduler.swift in Sources */,
				5A650420204CB46D00662973 /* CreateNoteNavigator.swift in Sources */,
				5A6503EA204B123E00662973 /* Reusable.swift in Sources */,
				5A65041C204CA2E800662973 /* Model.xcdatamodeld in Sources */,
				5A650413204C6D8B00662973 /* DomainConvertibleType.swift in Sources */,
				5A6503CD204AEEBA00662973 /* CreateNoteViewController.swift in Sources */,
				5A650417204C73C400662973 /* CDNote+CoreDataClass.swift in Sources */,
				5A650428204D86D600662973 /* SpeechSynthesizer.swift in Sources */,
				5A6503CF204AEECA00662973 /* DetailNoteViewController.swift in Sources */,
				5A6503E9204B123E00662973 /* Observable+Ext.swift in Sources */,
				5A6503E2204AF5BF00662973 /* NotesUseCase.swift in Sources */,
				5A6503EC204B123E00662973 /* ActivityIndicator.swift in Sources */,
			);
			runOnlyForDeploymentPostprocessing = 0;
		};
		5A6503A1204AE6E600662973 /* Sources */ = {
			isa = PBXSourcesBuildPhase;
			buildActionMask = 2147483647;
			files = (
				5A6503AA204AE6E600662973 /* challenge_iOSDevTests.swift in Sources */,
			);
			runOnlyForDeploymentPostprocessing = 0;
		};
		5A6503AC204AE6E600662973 /* Sources */ = {
			isa = PBXSourcesBuildPhase;
			buildActionMask = 2147483647;
			files = (
				5A6503B5204AE6E600662973 /* challenge_iOSDevUITests.swift in Sources */,
			);
			runOnlyForDeploymentPostprocessing = 0;
		};
/* End PBXSourcesBuildPhase section */

/* Begin PBXTargetDependency section */
		5A6503A7204AE6E600662973 /* PBXTargetDependency */ = {
			isa = PBXTargetDependency;
			target = 5A65038D204AE6E600662973 /* challenge-iOSDev */;
			targetProxy = 5A6503A6204AE6E600662973 /* PBXContainerItemProxy */;
		};
		5A6503B2204AE6E600662973 /* PBXTargetDependency */ = {
			isa = PBXTargetDependency;
			target = 5A65038D204AE6E600662973 /* challenge-iOSDev */;
			targetProxy = 5A6503B1204AE6E600662973 /* PBXContainerItemProxy */;
		};
/* End PBXTargetDependency section */

/* Begin PBXVariantGroup section */
		5A650395204AE6E600662973 /* Main.storyboard */ = {
			isa = PBXVariantGroup;
			children = (
				5A650396204AE6E600662973 /* Base */,
			);
			name = Main.storyboard;
			sourceTree = "<group>";
		};
		5A65039D204AE6E600662973 /* LaunchScreen.storyboard */ = {
			isa = PBXVariantGroup;
			children = (
				5A65039E204AE6E600662973 /* Base */,
			);
			name = LaunchScreen.storyboard;
			sourceTree = "<group>";
		};
/* End PBXVariantGroup section */

/* Begin XCBuildConfiguration section */
		5A6503B7204AE6E600662973 /* Debug */ = {
			isa = XCBuildConfiguration;
			buildSettings = {
				ALWAYS_SEARCH_USER_PATHS = NO;
				CLANG_ANALYZER_NONNULL = YES;
				CLANG_ANALYZER_NUMBER_OBJECT_CONVERSION = YES_AGGRESSIVE;
				CLANG_CXX_LANGUAGE_STANDARD = "gnu++14";
				CLANG_CXX_LIBRARY = "libc++";
				CLANG_ENABLE_MODULES = YES;
				CLANG_ENABLE_OBJC_ARC = YES;
				CLANG_WARN_BLOCK_CAPTURE_AUTORELEASING = YES;
				CLANG_WARN_BOOL_CONVERSION = YES;
				CLANG_WARN_COMMA = YES;
				CLANG_WARN_CONSTANT_CONVERSION = YES;
				CLANG_WARN_DIRECT_OBJC_ISA_USAGE = YES_ERROR;
				CLANG_WARN_DOCUMENTATION_COMMENTS = YES;
				CLANG_WARN_EMPTY_BODY = YES;
				CLANG_WARN_ENUM_CONVERSION = YES;
				CLANG_WARN_INFINITE_RECURSION = YES;
				CLANG_WARN_INT_CONVERSION = YES;
				CLANG_WARN_NON_LITERAL_NULL_CONVERSION = YES;
				CLANG_WARN_OBJC_LITERAL_CONVERSION = YES;
				CLANG_WARN_OBJC_ROOT_CLASS = YES_ERROR;
				CLANG_WARN_RANGE_LOOP_ANALYSIS = YES;
				CLANG_WARN_STRICT_PROTOTYPES = YES;
				CLANG_WARN_SUSPICIOUS_MOVE = YES;
				CLANG_WARN_UNGUARDED_AVAILABILITY = YES_AGGRESSIVE;
				CLANG_WARN_UNREACHABLE_CODE = YES;
				CLANG_WARN__DUPLICATE_METHOD_MATCH = YES;
				CODE_SIGN_IDENTITY = "iPhone Developer";
				COPY_PHASE_STRIP = NO;
				DEBUG_INFORMATION_FORMAT = dwarf;
				ENABLE_STRICT_OBJC_MSGSEND = YES;
				ENABLE_TESTABILITY = YES;
				GCC_C_LANGUAGE_STANDARD = gnu11;
				GCC_DYNAMIC_NO_PIC = NO;
				GCC_NO_COMMON_BLOCKS = YES;
				GCC_OPTIMIZATION_LEVEL = 0;
				GCC_PREPROCESSOR_DEFINITIONS = (
					"DEBUG=1",
					"$(inherited)",
				);
				GCC_WARN_64_TO_32_BIT_CONVERSION = YES;
				GCC_WARN_ABOUT_RETURN_TYPE = YES_ERROR;
				GCC_WARN_UNDECLARED_SELECTOR = YES;
				GCC_WARN_UNINITIALIZED_AUTOS = YES_AGGRESSIVE;
				GCC_WARN_UNUSED_FUNCTION = YES;
				GCC_WARN_UNUSED_VARIABLE = YES;
				IPHONEOS_DEPLOYMENT_TARGET = 11.2;
				MTL_ENABLE_DEBUG_INFO = YES;
				ONLY_ACTIVE_ARCH = YES;
				SDKROOT = iphoneos;
				SWIFT_ACTIVE_COMPILATION_CONDITIONS = DEBUG;
				SWIFT_OPTIMIZATION_LEVEL = "-Onone";
			};
			name = Debug;
		};
		5A6503B8204AE6E600662973 /* Release */ = {
			isa = XCBuildConfiguration;
			buildSettings = {
				ALWAYS_SEARCH_USER_PATHS = NO;
				CLANG_ANALYZER_NONNULL = YES;
				CLANG_ANALYZER_NUMBER_OBJECT_CONVERSION = YES_AGGRESSIVE;
				CLANG_CXX_LANGUAGE_STANDARD = "gnu++14";
				CLANG_CXX_LIBRARY = "libc++";
				CLANG_ENABLE_MODULES = YES;
				CLANG_ENABLE_OBJC_ARC = YES;
				CLANG_WARN_BLOCK_CAPTURE_AUTORELEASING = YES;
				CLANG_WARN_BOOL_CONVERSION = YES;
				CLANG_WARN_COMMA = YES;
				CLANG_WARN_CONSTANT_CONVERSION = YES;
				CLANG_WARN_DIRECT_OBJC_ISA_USAGE = YES_ERROR;
				CLANG_WARN_DOCUMENTATION_COMMENTS = YES;
				CLANG_WARN_EMPTY_BODY = YES;
				CLANG_WARN_ENUM_CONVERSION = YES;
				CLANG_WARN_INFINITE_RECURSION = YES;
				CLANG_WARN_INT_CONVERSION = YES;
				CLANG_WARN_NON_LITERAL_NULL_CONVERSION = YES;
				CLANG_WARN_OBJC_LITERAL_CONVERSION = YES;
				CLANG_WARN_OBJC_ROOT_CLASS = YES_ERROR;
				CLANG_WARN_RANGE_LOOP_ANALYSIS = YES;
				CLANG_WARN_STRICT_PROTOTYPES = YES;
				CLANG_WARN_SUSPICIOUS_MOVE = YES;
				CLANG_WARN_UNGUARDED_AVAILABILITY = YES_AGGRESSIVE;
				CLANG_WARN_UNREACHABLE_CODE = YES;
				CLANG_WARN__DUPLICATE_METHOD_MATCH = YES;
				CODE_SIGN_IDENTITY = "iPhone Developer";
				COPY_PHASE_STRIP = NO;
				DEBUG_INFORMATION_FORMAT = "dwarf-with-dsym";
				ENABLE_NS_ASSERTIONS = NO;
				ENABLE_STRICT_OBJC_MSGSEND = YES;
				GCC_C_LANGUAGE_STANDARD = gnu11;
				GCC_NO_COMMON_BLOCKS = YES;
				GCC_WARN_64_TO_32_BIT_CONVERSION = YES;
				GCC_WARN_ABOUT_RETURN_TYPE = YES_ERROR;
				GCC_WARN_UNDECLARED_SELECTOR = YES;
				GCC_WARN_UNINITIALIZED_AUTOS = YES_AGGRESSIVE;
				GCC_WARN_UNUSED_FUNCTION = YES;
				GCC_WARN_UNUSED_VARIABLE = YES;
				IPHONEOS_DEPLOYMENT_TARGET = 11.2;
				MTL_ENABLE_DEBUG_INFO = NO;
				SDKROOT = iphoneos;
				SWIFT_OPTIMIZATION_LEVEL = "-Owholemodule";
				VALIDATE_PRODUCT = YES;
			};
			name = Release;
		};
		5A6503BA204AE6E600662973 /* Debug */ = {
			isa = XCBuildConfiguration;
			baseConfigurationReference = D605E722D0305EE91A7C2F76 /* Pods-challenge-iOSDev.debug.xcconfig */;
			buildSettings = {
				ASSETCATALOG_COMPILER_APPICON_NAME = AppIcon;
				CODE_SIGN_STYLE = Automatic;
				DEVELOPMENT_TEAM = 9AM4R8W3NU;
				INFOPLIST_FILE = "challenge-iOSDev/Info.plist";
				LD_RUNPATH_SEARCH_PATHS = "$(inherited) @executable_path/Frameworks";
				PRODUCT_BUNDLE_IDENTIFIER = "pt.norbertovasconcelos.challenge-iOSDev";
				PRODUCT_NAME = "$(TARGET_NAME)";
				SWIFT_VERSION = 4.0;
				TARGETED_DEVICE_FAMILY = "1,2";
			};
			name = Debug;
		};
		5A6503BB204AE6E600662973 /* Release */ = {
			isa = XCBuildConfiguration;
			baseConfigurationReference = A2C9C4E0E91E6148B8544C2F /* Pods-challenge-iOSDev.release.xcconfig */;
			buildSettings = {
				ASSETCATALOG_COMPILER_APPICON_NAME = AppIcon;
				CODE_SIGN_STYLE = Automatic;
				DEVELOPMENT_TEAM = 9AM4R8W3NU;
				INFOPLIST_FILE = "challenge-iOSDev/Info.plist";
				LD_RUNPATH_SEARCH_PATHS = "$(inherited) @executable_path/Frameworks";
				PRODUCT_BUNDLE_IDENTIFIER = "pt.norbertovasconcelos.challenge-iOSDev";
				PRODUCT_NAME = "$(TARGET_NAME)";
				SWIFT_VERSION = 4.0;
				TARGETED_DEVICE_FAMILY = "1,2";
			};
			name = Release;
		};
		5A6503BD204AE6E600662973 /* Debug */ = {
			isa = XCBuildConfiguration;
			baseConfigurationReference = D3C90616E93EC7398D49E178 /* Pods-challenge-iOSDevTests.debug.xcconfig */;
			buildSettings = {
				ALWAYS_EMBED_SWIFT_STANDARD_LIBRARIES = YES;
				BUNDLE_LOADER = "$(TEST_HOST)";
				CODE_SIGN_STYLE = Automatic;
				DEVELOPMENT_TEAM = 9AM4R8W3NU;
				INFOPLIST_FILE = "challenge-iOSDevTests/Info.plist";
				LD_RUNPATH_SEARCH_PATHS = "$(inherited) @executable_path/Frameworks @loader_path/Frameworks";
				PRODUCT_BUNDLE_IDENTIFIER = "pt.norbertovasconcelos.challenge-iOSDevTests";
				PRODUCT_NAME = "$(TARGET_NAME)";
				SWIFT_VERSION = 4.0;
				TARGETED_DEVICE_FAMILY = "1,2";
				TEST_HOST = "$(BUILT_PRODUCTS_DIR)/challenge-iOSDev.app/challenge-iOSDev";
			};
			name = Debug;
		};
		5A6503BE204AE6E600662973 /* Release */ = {
			isa = XCBuildConfiguration;
			baseConfigurationReference = BF07F357780E6F416D4FD8B5 /* Pods-challenge-iOSDevTests.release.xcconfig */;
			buildSettings = {
				ALWAYS_EMBED_SWIFT_STANDARD_LIBRARIES = YES;
				BUNDLE_LOADER = "$(TEST_HOST)";
				CODE_SIGN_STYLE = Automatic;
				DEVELOPMENT_TEAM = 9AM4R8W3NU;
				INFOPLIST_FILE = "challenge-iOSDevTests/Info.plist";
				LD_RUNPATH_SEARCH_PATHS = "$(inherited) @executable_path/Frameworks @loader_path/Frameworks";
				PRODUCT_BUNDLE_IDENTIFIER = "pt.norbertovasconcelos.challenge-iOSDevTests";
				PRODUCT_NAME = "$(TARGET_NAME)";
				SWIFT_VERSION = 4.0;
				TARGETED_DEVICE_FAMILY = "1,2";
				TEST_HOST = "$(BUILT_PRODUCTS_DIR)/challenge-iOSDev.app/challenge-iOSDev";
			};
			name = Release;
		};
		5A6503C0204AE6E600662973 /* Debug */ = {
			isa = XCBuildConfiguration;
			buildSettings = {
				ALWAYS_EMBED_SWIFT_STANDARD_LIBRARIES = YES;
				CODE_SIGN_STYLE = Automatic;
				DEVELOPMENT_TEAM = 9AM4R8W3NU;
				INFOPLIST_FILE = "challenge-iOSDevUITests/Info.plist";
				LD_RUNPATH_SEARCH_PATHS = "$(inherited) @executable_path/Frameworks @loader_path/Frameworks";
				PRODUCT_BUNDLE_IDENTIFIER = "pt.norbertovasconcelos.challenge-iOSDevUITests";
				PRODUCT_NAME = "$(TARGET_NAME)";
				SWIFT_VERSION = 4.0;
				TARGETED_DEVICE_FAMILY = "1,2";
				TEST_TARGET_NAME = "challenge-iOSDev";
			};
			name = Debug;
		};
		5A6503C1204AE6E600662973 /* Release */ = {
			isa = XCBuildConfiguration;
			buildSettings = {
				ALWAYS_EMBED_SWIFT_STANDARD_LIBRARIES = YES;
				CODE_SIGN_STYLE = Automatic;
				DEVELOPMENT_TEAM = 9AM4R8W3NU;
				INFOPLIST_FILE = "challenge-iOSDevUITests/Info.plist";
				LD_RUNPATH_SEARCH_PATHS = "$(inherited) @executable_path/Frameworks @loader_path/Frameworks";
				PRODUCT_BUNDLE_IDENTIFIER = "pt.norbertovasconcelos.challenge-iOSDevUITests";
				PRODUCT_NAME = "$(TARGET_NAME)";
				SWIFT_VERSION = 4.0;
				TARGETED_DEVICE_FAMILY = "1,2";
				TEST_TARGET_NAME = "challenge-iOSDev";
			};
			name = Release;
		};
/* End XCBuildConfiguration section */

/* Begin XCConfigurationList section */
		5A650389204AE6E600662973 /* Build configuration list for PBXProject "challenge-iOSDev" */ = {
			isa = XCConfigurationList;
			buildConfigurations = (
				5A6503B7204AE6E600662973 /* Debug */,
				5A6503B8204AE6E600662973 /* Release */,
			);
			defaultConfigurationIsVisible = 0;
			defaultConfigurationName = Release;
		};
		5A6503B9204AE6E600662973 /* Build configuration list for PBXNativeTarget "challenge-iOSDev" */ = {
			isa = XCConfigurationList;
			buildConfigurations = (
				5A6503BA204AE6E600662973 /* Debug */,
				5A6503BB204AE6E600662973 /* Release */,
			);
			defaultConfigurationIsVisible = 0;
			defaultConfigurationName = Release;
		};
		5A6503BC204AE6E600662973 /* Build configuration list for PBXNativeTarget "challenge-iOSDevTests" */ = {
			isa = XCConfigurationList;
			buildConfigurations = (
				5A6503BD204AE6E600662973 /* Debug */,
				5A6503BE204AE6E600662973 /* Release */,
			);
			defaultConfigurationIsVisible = 0;
			defaultConfigurationName = Release;
		};
		5A6503BF204AE6E600662973 /* Build configuration list for PBXNativeTarget "challenge-iOSDevUITests" */ = {
			isa = XCConfigurationList;
			buildConfigurations = (
				5A6503C0204AE6E600662973 /* Debug */,
				5A6503C1204AE6E600662973 /* Release */,
			);
			defaultConfigurationIsVisible = 0;
			defaultConfigurationName = Release;
		};
/* End XCConfigurationList section */

/* Begin XCVersionGroup section */
		5A65041A204CA2E800662973 /* Model.xcdatamodeld */ = {
			isa = XCVersionGroup;
			children = (
				5A65041B204CA2E800662973 /* Model.xcdatamodel */,
			);
			currentVersion = 5A65041B204CA2E800662973 /* Model.xcdatamodel */;
			path = Model.xcdatamodeld;
			sourceTree = "<group>";
			versionGroupType = wrapper.xcdatamodel;
		};
/* End XCVersionGroup section */
	};
	rootObject = 5A650386204AE6E600662973 /* Project object */;
}
